
Microsoft Visual Studio Solution File, Format Version 12.00
# Visual Studio Version 17
VisualStudioVersion = 17.14.36518.9 d17.14
MinimumVisualStudioVersion = 10.0.40219.1
Project("{2150E333-8FDC-42A3-9474-1A3956D46DE8}") = "Task0", "Task0", "{02EA681E-C7D8-13C7-8484-4AC65E1B71E8}"
EndProject
Project("{FAE04EC0-301F-11D3-BF4B-00C04F79EFBC}") = "Tyuiu.TumashenkinYA.Sprint4.Task0.V2", "Tyuiu.TumashenkinYA.Sprint4.Task0.V2\Tyuiu.TumashenkinYA.Sprint4.Task0.V2.csproj", "{1B3AE5F8-C42A-47C2-84EB-1145189450BC}"
EndProject
Project("{FAE04EC0-301F-11D3-BF4B-00C04F79EFBC}") = "Tyuiu.TumashenkinYA.Sprint4.Task0.V2.Lib", "Tyuiu.TumashenkinYA.Sprint4.Task0.V2.Lib\Tyuiu.TumashenkinYA.Sprint4.Task0.V2.Lib.csproj", "{CCB68E4C-F76D-404B-9B93-A0D5C062D11E}"
EndProject
Project("{FAE04EC0-301F-11D3-BF4B-00C04F79EFBC}") = "Tyuiu.TumashenkinYA.Sprint4.Task0.V2.Test", "Tyuiu.TumashenkinYA.Sprint4.Task0.V2.Test\Tyuiu.TumashenkinYA.Sprint4.Task0.V2.Test.csproj", "{3F4FCD36-CE33-4F16-A309-35AFB1DB3B59}"
EndProject
Project("{2150E333-8FDC-42A3-9474-1A3956D46DE8}") = "Task1", "Task1", "{825C7D4B-C4EA-4488-8981-8FFE5A34965A}"
EndProject
Project("{2150E333-8FDC-42A3-9474-1A3956D46DE8}") = "Task2", "Task2", "{9447154D-BC43-4731-9948-19379C145359}"
EndProject
Project("{2150E333-8FDC-42A3-9474-1A3956D46DE8}") = "Task3", "Task3", "{3EFC73F9-362E-42A7-9199-D9BE6CF951B7}"
EndProject
Project("{2150E333-8FDC-42A3-9474-1A3956D46DE8}") = "Task4", "Task4", "{13239091-CA81-409D-AD9D-2D17DF9C1F4A}"
EndProject
Project("{2150E333-8FDC-42A3-9474-1A3956D46DE8}") = "Task5", "Task5", "{68E494BB-1C7F-43A7-A950-8608E9F5DF0E}"
EndProject
Project("{2150E333-8FDC-42A3-9474-1A3956D46DE8}") = "Task6", "Task6", "{2DA39CAF-A923-4A32-A5D9-C04FCBFF9A8C}"
EndProject
Project("{2150E333-8FDC-42A3-9474-1A3956D46DE8}") = "Task7", "Task7", "{E7E9D852-1B36-451F-991F-93601367E0FF}"
EndProject
Project("{FAE04EC0-301F-11D3-BF4B-00C04F79EFBC}") = "Tyuiu.TumashenkinYA.Sprint4.Task1.V27", "Tyuiu.TumashenkinYA.Sprint4.Task1.V27\Tyuiu.TumashenkinYA.Sprint4.Task1.V27.csproj", "{8886C470-18CE-45A3-A529-4D43E0909C87}"
EndProject
Project("{FAE04EC0-301F-11D3-BF4B-00C04F79EFBC}") = "Tyuiu.TumashenkinYA.Sprint4.Task1.V27.Test", "Tyuiu.TumashenkinYA.Sprint4.Task1.V27.Test\Tyuiu.TumashenkinYA.Sprint4.Task1.V27.Test.csproj", "{30A07E49-6F73-45D6-A284-A69FBB2AD1B2}"
EndProject
Project("{FAE04EC0-301F-11D3-BF4B-00C04F79EFBC}") = "Tyuiu.TumashenkinYA.Sprint4.Task1.V27.Lib", "Tyuiu.TumashenkinYA.Sprint4.Task1.V27.Lib\Tyuiu.TumashenkinYA.Sprint4.Task1.V27.Lib.csproj", "{7A6A88C3-C651-4C58-A974-C30FD012BAD6}"
EndProject
Project("{FAE04EC0-301F-11D3-BF4B-00C04F79EFBC}") = "Tyuiu.TumashenkinYA.Sprint4.Task2.V22.Lib", "Tyuiu.TumashenkinYA.Sprint4.Task2.V22.Lib\Tyuiu.TumashenkinYA.Sprint4.Task2.V22.Lib.csproj", "{69B62CB0-D02E-4A58-B17F-5475D1CA04FE}"
EndProject
Project("{FAE04EC0-301F-11D3-BF4B-00C04F79EFBC}") = "Tyuiu.TumashenkinYA.Sprint4.Task2.V22", "Tyuiu.TumashenkinYA.Sprint4.Task2.V22\Tyuiu.TumashenkinYA.Sprint4.Task2.V22.csproj", "{14C6160B-5F25-4B5E-9C72-EB04AA0FE928}"
EndProject
Project("{FAE04EC0-301F-11D3-BF4B-00C04F79EFBC}") = "Tyuiu.TumashenkinYA.Sprint4.Task2.V22.Test", "Tyuiu.TumashenkinYA.Sprint4.Task2.V22.Test\Tyuiu.TumashenkinYA.Sprint4.Task2.V22.Test.csproj", "{D1AE911E-0B6C-4967-AA2A-3722E9C815E7}"
EndProject
Project("{FAE04EC0-301F-11D3-BF4B-00C04F79EFBC}") = "Tyuiu.TumashenkinYA.Sprint4.Task3.V29", "Tyuiu.TumashenkinYA.Sprint4.Task3.V29\Tyuiu.TumashenkinYA.Sprint4.Task3.V29.csproj", "{A67D8F42-EC72-4B02-9706-54E5FFBCF859}"
EndProject
Project("{FAE04EC0-301F-11D3-BF4B-00C04F79EFBC}") = "Tyuiu.TumashenkinYA.Sprint4.Task3.V29.Lib", "Tyuiu.TumashenkinYA.Sprint4.Task3.V29.Lib\Tyuiu.TumashenkinYA.Sprint4.Task3.V29.Lib.csproj", "{7DA8775D-669C-4C12-93B8-12B80C22DA58}"
EndProject
Project("{FAE04EC0-301F-11D3-BF4B-00C04F79EFBC}") = "Tyuiu.TumashenkinYA.Sprint4.Task3.V29.Test", "Tyuiu.TumashenkinYA.Sprint4.Task3.V29.Test\Tyuiu.TumashenkinYA.Sprint4.Task3.V29.Test.csproj", "{2E4672D9-8FD7-4EB3-810F-879647B9009C}"
EndProject
Project("{FAE04EC0-301F-11D3-BF4B-00C04F79EFBC}") = "Tyuiu.TumashenkinYA.Sprint4.Task4.V27", "Tyuiu.TumashenkinYA.Sprint4.Task4.V27\Tyuiu.TumashenkinYA.Sprint4.Task4.V27.csproj", "{90883B14-474C-45CC-AF7E-84980ACA7425}"
EndProject
Project("{FAE04EC0-301F-11D3-BF4B-00C04F79EFBC}") = "Tyuiu.TumashenkinYA.Sprint4.Task4.V27.Lib", "Tyuiu.TumashenkinYA.Sprint4.Task4.V27.Lib\Tyuiu.TumashenkinYA.Sprint4.Task4.V27.Lib.csproj", "{48DD3ED4-7ED4-42D3-B8D0-0A0A2753BFB3}"
EndProject
Project("{FAE04EC0-301F-11D3-BF4B-00C04F79EFBC}") = "Tyuiu.TumashenkinYA.Sprint4.Task4.V27.Test", "Tyuiu.TumashenkinYA.Sprint4.Task4.V27.Test\Tyuiu.TumashenkinYA.Sprint4.Task4.V27.Test.csproj", "{D5D14ED6-F3EC-4423-9494-26C878ACE3DD}"
EndProject
Project("{FAE04EC0-301F-11D3-BF4B-00C04F79EFBC}") = "Tyuiu.TumashenkinYA.Sprint4.Task5.V1", "Tyuiu.TumashenkinYA.Sprint4.Task5.V1\Tyuiu.TumashenkinYA.Sprint4.Task5.V1.csproj", "{C8782B3A-482D-453A-A323-EA330FC7597C}"
EndProject
Project("{FAE04EC0-301F-11D3-BF4B-00C04F79EFBC}") = "Tyuiu.TumashenkinYA.Sprint4.Task5.V1.Lib", "Tyuiu.TumashenkinYA.Sprint4.Task5.V1.Lib\Tyuiu.TumashenkinYA.Sprint4.Task5.V1.Lib.csproj", "{49DA9F9A-0B30-4A70-85DE-2202536C6BD6}"
EndProject
Project("{FAE04EC0-301F-11D3-BF4B-00C04F79EFBC}") = "Tyuiu.TumashenkinYA.Sprint4.Task5.V1.Test", "Tyuiu.TumashenkinYA.Sprint4.Task5.V1.Test\Tyuiu.TumashenkinYA.Sprint4.Task5.V1.Test.csproj", "{8AFD1D04-9D09-44D9-B866-A51AD53D3C20}"
EndProject
Project("{FAE04EC0-301F-11D3-BF4B-00C04F79EFBC}") = "Tyuiu.TumashenkinYA.Sprint4.Task6.V18", "Tyuiu.TumashenkinYA.Sprint4.Task6.V18\Tyuiu.TumashenkinYA.Sprint4.Task6.V18.csproj", "{C7DA3961-1531-44FB-A226-2A74F09B97A5}"
EndProject
Project("{FAE04EC0-301F-11D3-BF4B-00C04F79EFBC}") = "Tyuiu.TumashenkinYA.Sprint4.Task6.V18.Lib", "Tyuiu.TumashenkinYA.Sprint4.Task6.V18.Lib\Tyuiu.TumashenkinYA.Sprint4.Task6.V18.Lib.csproj", "{418F3CB6-F2EB-453E-93CD-ABC366866D3A}"
EndProject
Project("{FAE04EC0-301F-11D3-BF4B-00C04F79EFBC}") = "Tyuiu.TumashenkinYA.Sprint4.Task6.V18.Test", "Tyuiu.TumashenkinYA.Sprint4.Task6.V18.Test\Tyuiu.TumashenkinYA.Sprint4.Task6.V18.Test.csproj", "{E5E7BCA2-47F2-43C2-9A56-838305FDD392}"
EndProject
Project("{FAE04EC0-301F-11D3-BF4B-00C04F79EFBC}") = "Tyuiu.TumashenkinYA.Sprint4.Task7.V21", "Tyuiu.TumashenkinYA.Sprint4.Task7.V21\Tyuiu.TumashenkinYA.Sprint4.Task7.V21.csproj", "{ED46A4BA-D6EB-490E-AC73-52FD6EBEDDBC}"
EndProject
Project("{FAE04EC0-301F-11D3-BF4B-00C04F79EFBC}") = "Tyuiu.TumashenkinYA.Sprint4.Task7.V21.Lib", "Tyuiu.TumashenkinYA.Sprint4.Task7.V21.Lib\Tyuiu.TumashenkinYA.Sprint4.Task7.V21.Lib.csproj", "{88DE9502-E359-48CA-A950-29977FD97D68}"
EndProject
Project("{FAE04EC0-301F-11D3-BF4B-00C04F79EFBC}") = "Tyuiu.TumashenkinYA.Sprint4.Task7.V21.Test", "Tyuiu.TumashenkinYA.Sprint4.Task7.V21.Test\Tyuiu.TumashenkinYA.Sprint4.Task7.V21.Test.csproj", "{C80BB0D1-D1C0-47FA-B2B5-86385A570F85}"
EndProject
Global
	GlobalSection(SolutionConfigurationPlatforms) = preSolution
		Debug|Any CPU = Debug|Any CPU
		Release|Any CPU = Release|Any CPU
	EndGlobalSection
	GlobalSection(ProjectConfigurationPlatforms) = postSolution
		{1B3AE5F8-C42A-47C2-84EB-1145189450BC}.Debug|Any CPU.ActiveCfg = Debug|Any CPU
		{1B3AE5F8-C42A-47C2-84EB-1145189450BC}.Debug|Any CPU.Build.0 = Debug|Any CPU
		{1B3AE5F8-C42A-47C2-84EB-1145189450BC}.Release|Any CPU.ActiveCfg = Release|Any CPU
		{1B3AE5F8-C42A-47C2-84EB-1145189450BC}.Release|Any CPU.Build.0 = Release|Any CPU
		{CCB68E4C-F76D-404B-9B93-A0D5C062D11E}.Debug|Any CPU.ActiveCfg = Debug|Any CPU
		{CCB68E4C-F76D-404B-9B93-A0D5C062D11E}.Debug|Any CPU.Build.0 = Debug|Any CPU
		{CCB68E4C-F76D-404B-9B93-A0D5C062D11E}.Release|Any CPU.ActiveCfg = Release|Any CPU
		{CCB68E4C-F76D-404B-9B93-A0D5C062D11E}.Release|Any CPU.Build.0 = Release|Any CPU
		{3F4FCD36-CE33-4F16-A309-35AFB1DB3B59}.Debug|Any CPU.ActiveCfg = Debug|Any CPU
		{3F4FCD36-CE33-4F16-A309-35AFB1DB3B59}.Debug|Any CPU.Build.0 = Debug|Any CPU
		{3F4FCD36-CE33-4F16-A309-35AFB1DB3B59}.Release|Any CPU.ActiveCfg = Release|Any CPU
		{3F4FCD36-CE33-4F16-A309-35AFB1DB3B59}.Release|Any CPU.Build.0 = Release|Any CPU
		{8886C470-18CE-45A3-A529-4D43E0909C87}.Debug|Any CPU.ActiveCfg = Debug|Any CPU
		{8886C470-18CE-45A3-A529-4D43E0909C87}.Debug|Any CPU.Build.0 = Debug|Any CPU
		{8886C470-18CE-45A3-A529-4D43E0909C87}.Release|Any CPU.ActiveCfg = Release|Any CPU
		{8886C470-18CE-45A3-A529-4D43E0909C87}.Release|Any CPU.Build.0 = Release|Any CPU
		{30A07E49-6F73-45D6-A284-A69FBB2AD1B2}.Debug|Any CPU.ActiveCfg = Debug|Any CPU
		{30A07E49-6F73-45D6-A284-A69FBB2AD1B2}.Debug|Any CPU.Build.0 = Debug|Any CPU
		{30A07E49-6F73-45D6-A284-A69FBB2AD1B2}.Release|Any CPU.ActiveCfg = Release|Any CPU
		{30A07E49-6F73-45D6-A284-A69FBB2AD1B2}.Release|Any CPU.Build.0 = Release|Any CPU
		{7A6A88C3-C651-4C58-A974-C30FD012BAD6}.Debug|Any CPU.ActiveCfg = Debug|Any CPU
		{7A6A88C3-C651-4C58-A974-C30FD012BAD6}.Debug|Any CPU.Build.0 = Debug|Any CPU
		{7A6A88C3-C651-4C58-A974-C30FD012BAD6}.Release|Any CPU.ActiveCfg = Release|Any CPU
		{7A6A88C3-C651-4C58-A974-C30FD012BAD6}.Release|Any CPU.Build.0 = Release|Any CPU
		{69B62CB0-D02E-4A58-B17F-5475D1CA04FE}.Debug|Any CPU.ActiveCfg = Debug|Any CPU
		{69B62CB0-D02E-4A58-B17F-5475D1CA04FE}.Debug|Any CPU.Build.0 = Debug|Any CPU
		{69B62CB0-D02E-4A58-B17F-5475D1CA04FE}.Release|Any CPU.ActiveCfg = Release|Any CPU
		{69B62CB0-D02E-4A58-B17F-5475D1CA04FE}.Release|Any CPU.Build.0 = Release|Any CPU
		{14C6160B-5F25-4B5E-9C72-EB04AA0FE928}.Debug|Any CPU.ActiveCfg = Debug|Any CPU
		{14C6160B-5F25-4B5E-9C72-EB04AA0FE928}.Debug|Any CPU.Build.0 = Debug|Any CPU
		{14C6160B-5F25-4B5E-9C72-EB04AA0FE928}.Release|Any CPU.ActiveCfg = Release|Any CPU
		{14C6160B-5F25-4B5E-9C72-EB04AA0FE928}.Release|Any CPU.Build.0 = Release|Any CPU
		{D1AE911E-0B6C-4967-AA2A-3722E9C815E7}.Debug|Any CPU.ActiveCfg = Debug|Any CPU
		{D1AE911E-0B6C-4967-AA2A-3722E9C815E7}.Debug|Any CPU.Build.0 = Debug|Any CPU
		{D1AE911E-0B6C-4967-AA2A-3722E9C815E7}.Release|Any CPU.ActiveCfg = Release|Any CPU
		{D1AE911E-0B6C-4967-AA2A-3722E9C815E7}.Release|Any CPU.Build.0 = Release|Any CPU
		{A67D8F42-EC72-4B02-9706-54E5FFBCF859}.Debug|Any CPU.ActiveCfg = Debug|Any CPU
		{A67D8F42-EC72-4B02-9706-54E5FFBCF859}.Debug|Any CPU.Build.0 = Debug|Any CPU
		{A67D8F42-EC72-4B02-9706-54E5FFBCF859}.Release|Any CPU.ActiveCfg = Release|Any CPU
		{A67D8F42-EC72-4B02-9706-54E5FFBCF859}.Release|Any CPU.Build.0 = Release|Any CPU
		{7DA8775D-669C-4C12-93B8-12B80C22DA58}.Debug|Any CPU.ActiveCfg = Debug|Any CPU
		{7DA8775D-669C-4C12-93B8-12B80C22DA58}.Debug|Any CPU.Build.0 = Debug|Any CPU
		{7DA8775D-669C-4C12-93B8-12B80C22DA58}.Release|Any CPU.ActiveCfg = Release|Any CPU
		{7DA8775D-669C-4C12-93B8-12B80C22DA58}.Release|Any CPU.Build.0 = Release|Any CPU
		{2E4672D9-8FD7-4EB3-810F-879647B9009C}.Debug|Any CPU.ActiveCfg = Debug|Any CPU
		{2E4672D9-8FD7-4EB3-810F-879647B9009C}.Debug|Any CPU.Build.0 = Debug|Any CPU
		{2E4672D9-8FD7-4EB3-810F-879647B9009C}.Release|Any CPU.ActiveCfg = Release|Any CPU
		{2E4672D9-8FD7-4EB3-810F-879647B9009C}.Release|Any CPU.Build.0 = Release|Any CPU
		{90883B14-474C-45CC-AF7E-84980ACA7425}.Debug|Any CPU.ActiveCfg = Debug|Any CPU
		{90883B14-474C-45CC-AF7E-84980ACA7425}.Debug|Any CPU.Build.0 = Debug|Any CPU
		{90883B14-474C-45CC-AF7E-84980ACA7425}.Release|Any CPU.ActiveCfg = Release|Any CPU
		{90883B14-474C-45CC-AF7E-84980ACA7425}.Release|Any CPU.Build.0 = Release|Any CPU
		{48DD3ED4-7ED4-42D3-B8D0-0A0A2753BFB3}.Debug|Any CPU.ActiveCfg = Debug|Any CPU
		{48DD3ED4-7ED4-42D3-B8D0-0A0A2753BFB3}.Debug|Any CPU.Build.0 = Debug|Any CPU
		{48DD3ED4-7ED4-42D3-B8D0-0A0A2753BFB3}.Release|Any CPU.ActiveCfg = Release|Any CPU
		{48DD3ED4-7ED4-42D3-B8D0-0A0A2753BFB3}.Release|Any CPU.Build.0 = Release|Any CPU
		{D5D14ED6-F3EC-4423-9494-26C878ACE3DD}.Debug|Any CPU.ActiveCfg = Debug|Any CPU
		{D5D14ED6-F3EC-4423-9494-26C878ACE3DD}.Debug|Any CPU.Build.0 = Debug|Any CPU
		{D5D14ED6-F3EC-4423-9494-26C878ACE3DD}.Release|Any CPU.ActiveCfg = Release|Any CPU
		{D5D14ED6-F3EC-4423-9494-26C878ACE3DD}.Release|Any CPU.Build.0 = Release|Any CPU
		{C8782B3A-482D-453A-A323-EA330FC7597C}.Debug|Any CPU.ActiveCfg = Debug|Any CPU
		{C8782B3A-482D-453A-A323-EA330FC7597C}.Debug|Any CPU.Build.0 = Debug|Any CPU
		{C8782B3A-482D-453A-A323-EA330FC7597C}.Release|Any CPU.ActiveCfg = Release|Any CPU
		{C8782B3A-482D-453A-A323-EA330FC7597C}.Release|Any CPU.Build.0 = Release|Any CPU
		{49DA9F9A-0B30-4A70-85DE-2202536C6BD6}.Debug|Any CPU.ActiveCfg = Debug|Any CPU
		{49DA9F9A-0B30-4A70-85DE-2202536C6BD6}.Debug|Any CPU.Build.0 = Debug|Any CPU
		{49DA9F9A-0B30-4A70-85DE-2202536C6BD6}.Release|Any CPU.ActiveCfg = Release|Any CPU
		{49DA9F9A-0B30-4A70-85DE-2202536C6BD6}.Release|Any CPU.Build.0 = Release|Any CPU
		{8AFD1D04-9D09-44D9-B866-A51AD53D3C20}.Debug|Any CPU.ActiveCfg = Debug|Any CPU
		{8AFD1D04-9D09-44D9-B866-A51AD53D3C20}.Debug|Any CPU.Build.0 = Debug|Any CPU
		{8AFD1D04-9D09-44D9-B866-A51AD53D3C20}.Release|Any CPU.ActiveCfg = Release|Any CPU
		{8AFD1D04-9D09-44D9-B866-A51AD53D3C20}.Release|Any CPU.Build.0 = Release|Any CPU
		{C7DA3961-1531-44FB-A226-2A74F09B97A5}.Debug|Any CPU.ActiveCfg = Debug|Any CPU
		{C7DA3961-1531-44FB-A226-2A74F09B97A5}.Debug|Any CPU.Build.0 = Debug|Any CPU
		{C7DA3961-1531-44FB-A226-2A74F09B97A5}.Release|Any CPU.ActiveCfg = Release|Any CPU
		{C7DA3961-1531-44FB-A226-2A74F09B97A5}.Release|Any CPU.Build.0 = Release|Any CPU
		{418F3CB6-F2EB-453E-93CD-ABC366866D3A}.Debug|Any CPU.ActiveCfg = Debug|Any CPU
		{418F3CB6-F2EB-453E-93CD-ABC366866D3A}.Debug|Any CPU.Build.0 = Debug|Any CPU
		{418F3CB6-F2EB-453E-93CD-ABC366866D3A}.Release|Any CPU.ActiveCfg = Release|Any CPU
		{418F3CB6-F2EB-453E-93CD-ABC366866D3A}.Release|Any CPU.Build.0 = Release|Any CPU
		{E5E7BCA2-47F2-43C2-9A56-838305FDD392}.Debug|Any CPU.ActiveCfg = Debug|Any CPU
		{E5E7BCA2-47F2-43C2-9A56-838305FDD392}.Debug|Any CPU.Build.0 = Debug|Any CPU
		{E5E7BCA2-47F2-43C2-9A56-838305FDD392}.Release|Any CPU.ActiveCfg = Release|Any CPU
		{E5E7BCA2-47F2-43C2-9A56-838305FDD392}.Release|Any CPU.Build.0 = Release|Any CPU
		{ED46A4BA-D6EB-490E-AC73-52FD6EBEDDBC}.Debug|Any CPU.ActiveCfg = Debug|Any CPU
		{ED46A4BA-D6EB-490E-AC73-52FD6EBEDDBC}.Debug|Any CPU.Build.0 = Debug|Any CPU
		{ED46A4BA-D6EB-490E-AC73-52FD6EBEDDBC}.Release|Any CPU.ActiveCfg = Release|Any CPU
		{ED46A4BA-D6EB-490E-AC73-52FD6EBEDDBC}.Release|Any CPU.Build.0 = Release|Any CPU
		{88DE9502-E359-48CA-A950-29977FD97D68}.Debug|Any CPU.ActiveCfg = Debug|Any CPU
		{88DE9502-E359-48CA-A950-29977FD97D68}.Debug|Any CPU.Build.0 = Debug|Any CPU
		{88DE9502-E359-48CA-A950-29977FD97D68}.Release|Any CPU.ActiveCfg = Release|Any CPU
		{88DE9502-E359-48CA-A950-29977FD97D68}.Release|Any CPU.Build.0 = Release|Any CPU
		{C80BB0D1-D1C0-47FA-B2B5-86385A570F85}.Debug|Any CPU.ActiveCfg = Debug|Any CPU
		{C80BB0D1-D1C0-47FA-B2B5-86385A570F85}.Debug|Any CPU.Build.0 = Debug|Any CPU
		{C80BB0D1-D1C0-47FA-B2B5-86385A570F85}.Release|Any CPU.ActiveCfg = Release|Any CPU
		{C80BB0D1-D1C0-47FA-B2B5-86385A570F85}.Release|Any CPU.Build.0 = Release|Any CPU
	EndGlobalSection
	GlobalSection(SolutionProperties) = preSolution
		HideSolutionNode = FALSE
	EndGlobalSection
	GlobalSection(NestedProjects) = preSolution
		{1B3AE5F8-C42A-47C2-84EB-1145189450BC} = {02EA681E-C7D8-13C7-8484-4AC65E1B71E8}
		{CCB68E4C-F76D-404B-9B93-A0D5C062D11E} = {02EA681E-C7D8-13C7-8484-4AC65E1B71E8}
		{3F4FCD36-CE33-4F16-A309-35AFB1DB3B59} = {02EA681E-C7D8-13C7-8484-4AC65E1B71E8}
		{8886C470-18CE-45A3-A529-4D43E0909C87} = {825C7D4B-C4EA-4488-8981-8FFE5A34965A}
		{30A07E49-6F73-45D6-A284-A69FBB2AD1B2} = {825C7D4B-C4EA-4488-8981-8FFE5A34965A}
		{7A6A88C3-C651-4C58-A974-C30FD012BAD6} = {825C7D4B-C4EA-4488-8981-8FFE5A34965A}
		{69B62CB0-D02E-4A58-B17F-5475D1CA04FE} = {9447154D-BC43-4731-9948-19379C145359}
		{14C6160B-5F25-4B5E-9C72-EB04AA0FE928} = {9447154D-BC43-4731-9948-19379C145359}
		{D1AE911E-0B6C-4967-AA2A-3722E9C815E7} = {9447154D-BC43-4731-9948-19379C145359}
		{A67D8F42-EC72-4B02-9706-54E5FFBCF859} = {3EFC73F9-362E-42A7-9199-D9BE6CF951B7}
		{7DA8775D-669C-4C12-93B8-12B80C22DA58} = {3EFC73F9-362E-42A7-9199-D9BE6CF951B7}
		{2E4672D9-8FD7-4EB3-810F-879647B9009C} = {3EFC73F9-362E-42A7-9199-D9BE6CF951B7}
		{90883B14-474C-45CC-AF7E-84980ACA7425} = {13239091-CA81-409D-AD9D-2D17DF9C1F4A}
		{48DD3ED4-7ED4-42D3-B8D0-0A0A2753BFB3} = {13239091-CA81-409D-AD9D-2D17DF9C1F4A}
		{D5D14ED6-F3EC-4423-9494-26C878ACE3DD} = {13239091-CA81-409D-AD9D-2D17DF9C1F4A}
		{C8782B3A-482D-453A-A323-EA330FC7597C} = {68E494BB-1C7F-43A7-A950-8608E9F5DF0E}
		{49DA9F9A-0B30-4A70-85DE-2202536C6BD6} = {68E494BB-1C7F-43A7-A950-8608E9F5DF0E}
		{8AFD1D04-9D09-44D9-B866-A51AD53D3C20} = {68E494BB-1C7F-43A7-A950-8608E9F5DF0E}
		{C7DA3961-1531-44FB-A226-2A74F09B97A5} = {2DA39CAF-A923-4A32-A5D9-C04FCBFF9A8C}
		{418F3CB6-F2EB-453E-93CD-ABC366866D3A} = {2DA39CAF-A923-4A32-A5D9-C04FCBFF9A8C}
		{E5E7BCA2-47F2-43C2-9A56-838305FDD392} = {2DA39CAF-A923-4A32-A5D9-C04FCBFF9A8C}
		{ED46A4BA-D6EB-490E-AC73-52FD6EBEDDBC} = {E7E9D852-1B36-451F-991F-93601367E0FF}
		{88DE9502-E359-48CA-A950-29977FD97D68} = {E7E9D852-1B36-451F-991F-93601367E0FF}
		{C80BB0D1-D1C0-47FA-B2B5-86385A570F85} = {E7E9D852-1B36-451F-991F-93601367E0FF}
	EndGlobalSection
	GlobalSection(ExtensibilityGlobals) = postSolution
		SolutionGuid = {CA7600AF-1AFE-4E29-845B-30A81F82E197}
	EndGlobalSection
EndGlobal
